
Microsoft Visual Studio Solution File, Format Version 12.00
# Visual Studio Version 17
VisualStudioVersion = 17.11.35312.102
MinimumVisualStudioVersion = 10.0.40219.1
Project("{FAE04EC0-301F-11D3-BF4B-00C04F79EFBC}") = "14oktyabr", "14oktyabr\14oktyabr.csproj", "{3C5A66B7-7563-40E1-BB6A-5004A3AF84BD}"
EndProject
Global
	GlobalSection(SolutionConfigurationPlatforms) = preSolution
		Debug|Any CPU = Debug|Any CPU
		Release|Any CPU = Release|Any CPU
	EndGlobalSection
	GlobalSection(ProjectConfigurationPlatforms) = postSolution
		{3C5A66B7-7563-40E1-BB6A-5004A3AF84BD}.Debug|Any CPU.ActiveCfg = Debug|Any CPU
		{3C5A66B7-7563-40E1-BB6A-5004A3AF84BD}.Debug|Any CPU.Build.0 = Debug|Any CPU
		{3C5A66B7-7563-40E1-BB6A-5004A3AF84BD}.Release|Any CPU.ActiveCfg = Release|Any CPU
		{3C5A66B7-7563-40E1-BB6A-5004A3AF84BD}.Release|Any CPU.Build.0 = Release|Any CPU
	EndGlobalSection
	GlobalSection(SolutionProperties) = preSolution
		HideSolutionNode = FALSE
	EndGlobalSection
	GlobalSection(ExtensibilityGlobals) = postSolution
		SolutionGuid = {918F193C-810D-46AF-8DFC-6EADF9F43775}
	EndGlobalSection
EndGlobal
